PODS:
  - BerryPlant (1.0.2):
    - BerryPlant/WebP (= 1.0.2)
  - BerryPlant/WebP (1.0.2)

DEPENDENCIES:
  - BerryPlant (from `../`)

EXTERNAL SOURCES:
  BerryPlant:
    :path: "../"

SPEC CHECKSUMS:
  BerryPlant: f025059297118a1cce738617cc59dd4eda57ec9e

PODFILE CHECKSUM: e61e866f7acfb8cbe8c9ce98bcde05122ac74408

COCOAPODS: 1.5.0
