PODS:
  - BerryPlant (1.0.2):
    - BerryPlant/WebP (= 1.0.2)
  - BerryPlant/WebP (1.0.2)

DEPENDENCIES:
  - BerryPlant (from `../`)

EXTERNAL SOURCES:
  BerryPlant:
    :path: "../"

SPEC CHECKSUMS:
  BerryPlant: 97747831f043a82abdf654db1c8b26fc058876d0

PODFILE CHECKSUM: ab8a54565058ee895cf3d1c62a5a7b470bffaab6

COCOAPODS: 1.6.0.beta.2
