// !$*UTF8*$!
{
	archiveVersion = 1;
	classes = {
	};
	objectVersion = 46;
	objects = {

/* Begin PBXBuildFile section */
		3D92CF3A61977DF86C393721 /* libPods-BerryPlant_Tests.a in Frameworks */ = {isa = PBXBuildFile; fileRef = D240CF43F896B5D77CC50729 /* libPods-BerryPlant_Tests.a */; };
		607FACD61AFB9204008FA782 /* AppDelegate.swift in Sources */ = {isa = PBXBuildFile; fileRef = 607FACD51AFB9204008FA782 /* AppDelegate.swift */; };
		607FACD81AFB9204008FA782 /* ViewController.swift in Sources */ = {isa = PBXBuildFile; fileRef = 607FACD71AFB9204008FA782 /* ViewController.swift */; };
		607FACDB1AFB9204008FA782 /* Main.storyboard in Resources */ = {isa = PBXBuildFile; fileRef = 607FACD91AFB9204008FA782 /* Main.storyboard */; };
		607FACDD1AFB9204008FA782 /* Images.xcassets in Resources */ = {isa = PBXBuildFile; fileRef = 607FACDC1AFB9204008FA782 /* Images.xcassets */; };
		607FACE01AFB9204008FA782 /* LaunchScreen.xib in Resources */ = {isa = PBXBuildFile; fileRef = 607FACDE1AFB9204008FA782 /* LaunchScreen.xib */; };
		607FACEC1AFB9204008FA782 /* Tests.swift in Sources */ = {isa = PBXBuildFile; fileRef = 607FACEB1AFB9204008FA782 /* Tests.swift */; };
		640A044BB51CD40E17AF2161 /* libPods-BerryPlant_Example.a in Frameworks */ = {isa = PBXBuildFile; fileRef = 676B26E809A79461033A0624 /* libPods-BerryPlant_Example.a */; };
		C37BAA9B211BD32300069B8F /* BerryImageFormatTests.swift in Sources */ = {isa = PBXBuildFile; fileRef = C37BAA99211BD31F00069B8F /* BerryImageFormatTests.swift */; };
		C37BAA9C211BD36F00069B8F /* 1.jpg in Resources */ = {isa = PBXBuildFile; fileRef = C3ECB8922105BD650078A695 /* 1.jpg */; };
		C37BAA9D211BD36F00069B8F /* apng.gif in Resources */ = {isa = PBXBuildFile; fileRef = C3ECB8942105BD650078A695 /* apng.gif */; };
		C37BAA9E211BD36F00069B8F /* basketball.gif in Resources */ = {isa = PBXBuildFile; fileRef = C3ECB8932105BD650078A695 /* basketball.gif */; };
		C37BAA9F211BD36F00069B8F /* dance.apng in Resources */ = {isa = PBXBuildFile; fileRef = C3ECB8952105BD660078A695 /* dance.apng */; };
		C37BAAA0211BD36F00069B8F /* dance.gif in Resources */ = {isa = PBXBuildFile; fileRef = C3ECB89A2105BD660078A695 /* dance.gif */; };
		C37BAAA1211BD36F00069B8F /* j.png in Resources */ = {isa = PBXBuildFile; fileRef = C3ECB8972105BD660078A695 /* j.png */; };
		C37BAAA2211BD36F00069B8F /* j.webp in Resources */ = {isa = PBXBuildFile; fileRef = C3ECB8962105BD660078A695 /* j.webp */; };
		C37BAAA3211BD36F00069B8F /* kk.gif in Resources */ = {isa = PBXBuildFile; fileRef = C3ECB8992105BD660078A695 /* kk.gif */; };
		C37BAAA4211BD36F00069B8F /* mm.apng in Resources */ = {isa = PBXBuildFile; fileRef = C3ECB8982105BD660078A695 /* mm.apng */; };
		C3ECB89B2105BD660078A695 /* 1.jpg in Resources */ = {isa = PBXBuildFile; fileRef = C3ECB8922105BD650078A695 /* 1.jpg */; };
		C3ECB89C2105BD660078A695 /* basketball.gif in Resources */ = {isa = PBXBuildFile; fileRef = C3ECB8932105BD650078A695 /* basketball.gif */; };
		C3ECB89D2105BD660078A695 /* apng.gif in Resources */ = {isa = PBXBuildFile; fileRef = C3ECB8942105BD650078A695 /* apng.gif */; };
		C3ECB89E2105BD660078A695 /* dance.apng in Resources */ = {isa = PBXBuildFile; fileRef = C3ECB8952105BD660078A695 /* dance.apng */; };
		C3ECB89F2105BD660078A695 /* j.webp in Resources */ = {isa = PBXBuildFile; fileRef = C3ECB8962105BD660078A695 /* j.webp */; };
		C3ECB8A02105BD660078A695 /* j.png in Resources */ = {isa = PBXBuildFile; fileRef = C3ECB8972105BD660078A695 /* j.png */; };
		C3ECB8A12105BD660078A695 /* mm.apng in Resources */ = {isa = PBXBuildFile; fileRef = C3ECB8982105BD660078A695 /* mm.apng */; };
		C3ECB8A22105BD660078A695 /* kk.gif in Resources */ = {isa = PBXBuildFile; fileRef = C3ECB8992105BD660078A695 /* kk.gif */; };
		C3ECB8A32105BD660078A695 /* dance.gif in Resources */ = {isa = PBXBuildFile; fileRef = C3ECB89A2105BD660078A695 /* dance.gif */; };
		C3ECB8A52105BD750078A695 /* TableViewController.swift in Sources */ = {isa = PBXBuildFile; fileRef = C3ECB8A42105BD750078A695 /* TableViewController.swift */; };
		C3F80B41211BE20200D134B5 /* IntegerTests.swift in Sources */ = {isa = PBXBuildFile; fileRef = C3F80B3F211BE1F500D134B5 /* IntegerTests.swift */; };
		C3F80B44211BE6EF00D134B5 /* StringTests.swift in Sources */ = {isa = PBXBuildFile; fileRef = C3F80B42211BE6EB00D134B5 /* StringTests.swift */; };
		C3F80B47211BE82E00D134B5 /* DecoderTests.swift in Sources */ = {isa = PBXBuildFile; fileRef = C3F80B45211BE82A00D134B5 /* DecoderTests.swift */; };
		C3FF5AAC211BDAD0005F02D5 /* CFDictionaryTests.swift in Sources */ = {isa = PBXBuildFile; fileRef = C3FF5AAA211BDAAA005F02D5 /* CFDictionaryTests.swift */; };
		C3FF5AAF211BDE6E005F02D5 /* DataTests.swift in Sources */ = {isa = PBXBuildFile; fileRef = C3FF5AAD211BDE3D005F02D5 /* DataTests.swift */; };
/* End PBXBuildFile section */

/* Begin PBXContainerItemProxy section */
		607FACE61AFB9204008FA782 /* PBXContainerItemProxy */ = {
			isa = PBXContainerItemProxy;
			containerPortal = 607FACC81AFB9204008FA782 /* Project object */;
			proxyType = 1;
			remoteGlobalIDString = 607FACCF1AFB9204008FA782;
			remoteInfo = BerryPlant;
		};
/* End PBXContainerItemProxy section */

/* Begin PBXFileReference section */
		34300545A996D92810B31312 /* BerryPlant.podspec */ = {isa = PBXFileReference; includeInIndex = 1; lastKnownFileType = text; name = BerryPlant.podspec; path = ../BerryPlant.podspec; sourceTree = "<group>"; xcLanguageSpecificationIdentifier = xcode.lang.ruby; };
		607FACD01AFB9204008FA782 /* BerryPlant_Example.app */ = {isa = PBXFileReference; explicitFileType = wrapper.application; includeInIndex = 0; path = BerryPlant_Example.app; sourceTree = BUILT_PRODUCTS_DIR; };
		607FACD41AFB9204008FA782 /* Info.plist */ = {isa = PBXFileReference; lastKnownFileType = text.plist.xml; path = Info.plist; sourceTree = "<group>"; };
		607FACD51AFB9204008FA782 /* AppDelegate.swift */ = {isa = PBXFileReference; lastKnownFileType = sourcecode.swift; path = AppDelegate.swift; sourceTree = "<group>"; };
		607FACD71AFB9204008FA782 /* ViewController.swift */ = {isa = PBXFileReference; lastKnownFileType = sourcecode.swift; path = ViewController.swift; sourceTree = "<group>"; };
		607FACDA1AFB9204008FA782 /* Base */ = {isa = PBXFileReference; lastKnownFileType = file.storyboard; name = Base; path = Base.lproj/Main.storyboard; sourceTree = "<group>"; };
		607FACDC1AFB9204008FA782 /* Images.xcassets */ = {isa = PBXFileReference; lastKnownFileType = folder.assetcatalog; path = Images.xcassets; sourceTree = "<group>"; };
		607FACDF1AFB9204008FA782 /* Base */ = {isa = PBXFileReference; lastKnownFileType = file.xib; name = Base; path = Base.lproj/LaunchScreen.xib; sourceTree = "<group>"; };
		607FACE51AFB9204008FA782 /* BerryPlant_Tests.xctest */ = {isa = PBXFileReference; explicitFileType = wrapper.cfbundle; includeInIndex = 0; path = BerryPlant_Tests.xctest; sourceTree = BUILT_PRODUCTS_DIR; };
		607FACEA1AFB9204008FA782 /* Info.plist */ = {isa = PBXFileReference; lastKnownFileType = text.plist.xml; path = Info.plist; sourceTree = "<group>"; };
		607FACEB1AFB9204008FA782 /* Tests.swift */ = {isa = PBXFileReference; lastKnownFileType = sourcecode.swift; path = Tests.swift; sourceTree = "<group>"; };
		676B26E809A79461033A0624 /* libPods-BerryPlant_Example.a */ = {isa = PBXFileReference; explicitFileType = archive.ar; includeInIndex = 0; path = "libPods-BerryPlant_Example.a"; sourceTree = BUILT_PRODUCTS_DIR; };
		7E98C22ADC33F69AA8CACCF8 /* LICENSE */ = {isa = PBXFileReference; includeInIndex = 1; lastKnownFileType = text; name = LICENSE; path = ../LICENSE; sourceTree = "<group>"; };
		93018783ADC20FE609C6CE3E /* Pods-BerryPlant_Tests.release.xcconfig */ = {isa = PBXFileReference; includeInIndex = 1; lastKnownFileType = text.xcconfig; name = "Pods-BerryPlant_Tests.release.xcconfig"; path = "Pods/Target Support Files/Pods-BerryPlant_Tests/Pods-BerryPlant_Tests.release.xcconfig"; sourceTree = "<group>"; };
		C37BAA99211BD31F00069B8F /* BerryImageFormatTests.swift */ = {isa = PBXFileReference; lastKnownFileType = sourcecode.swift; path = BerryImageFormatTests.swift; sourceTree = "<group>"; };
		C3ECB8922105BD650078A695 /* 1.jpg */ = {isa = PBXFileReference; lastKnownFileType = image.jpeg; path = 1.jpg; sourceTree = "<group>"; };
		C3ECB8932105BD650078A695 /* basketball.gif */ = {isa = PBXFileReference; lastKnownFileType = image.gif; path = basketball.gif; sourceTree = "<group>"; };
		C3ECB8942105BD650078A695 /* apng.gif */ = {isa = PBXFileReference; lastKnownFileType = image.gif; path = apng.gif; sourceTree = "<group>"; };
		C3ECB8952105BD660078A695 /* dance.apng */ = {isa = PBXFileReference; lastKnownFileType = file; path = dance.apng; sourceTree = "<group>"; };
		C3ECB8962105BD660078A695 /* j.webp */ = {isa = PBXFileReference; lastKnownFileType = file; path = j.webp; sourceTree = "<group>"; };
		C3ECB8972105BD660078A695 /* j.png */ = {isa = PBXFileReference; lastKnownFileType = image.png; path = j.png; sourceTree = "<group>"; };
		C3ECB8982105BD660078A695 /* mm.apng */ = {isa = PBXFileReference; fileEncoding = 4; lastKnownFileType = text; path = mm.apng; sourceTree = "<group>"; };
		C3ECB8992105BD660078A695 /* kk.gif */ = {isa = PBXFileReference; lastKnownFileType = image.gif; path = kk.gif; sourceTree = "<group>"; };
		C3ECB89A2105BD660078A695 /* dance.gif */ = {isa = PBXFileReference; lastKnownFileType = image.gif; path = dance.gif; sourceTree = "<group>"; };
		C3ECB8A42105BD750078A695 /* TableViewController.swift */ = {isa = PBXFileReference; fileEncoding = 4; lastKnownFileType = sourcecode.swift; path = TableViewController.swift; sourceTree = "<group>"; };
		C3F80B3F211BE1F500D134B5 /* IntegerTests.swift */ = {isa = PBXFileReference; lastKnownFileType = sourcecode.swift; path = IntegerTests.swift; sourceTree = "<group>"; };
		C3F80B42211BE6EB00D134B5 /* StringTests.swift */ = {isa = PBXFileReference; lastKnownFileType = sourcecode.swift; path = StringTests.swift; sourceTree = "<group>"; };
		C3F80B45211BE82A00D134B5 /* DecoderTests.swift */ = {isa = PBXFileReference; lastKnownFileType = sourcecode.swift; path = DecoderTests.swift; sourceTree = "<group>"; };
		C3FF5AAA211BDAAA005F02D5 /* CFDictionaryTests.swift */ = {isa = PBXFileReference; lastKnownFileType = sourcecode.swift; path = CFDictionaryTests.swift; sourceTree = "<group>"; };
		C3FF5AAD211BDE3D005F02D5 /* DataTests.swift */ = {isa = PBXFileReference; lastKnownFileType = sourcecode.swift; path = DataTests.swift; sourceTree = "<group>"; };
		D240CF43F896B5D77CC50729 /* libPods-BerryPlant_Tests.a */ = {isa = PBXFileReference; explicitFileType = archive.ar; includeInIndex = 0; path = "libPods-BerryPlant_Tests.a"; sourceTree = BUILT_PRODUCTS_DIR; };
		D66138DF4875D8F54A25C32A /* Pods-BerryPlant_Tests.debug.xcconfig */ = {isa = PBXFileReference; includeInIndex = 1; lastKnownFileType = text.xcconfig; name = "Pods-BerryPlant_Tests.debug.xcconfig"; path = "Pods/Target Support Files/Pods-BerryPlant_Tests/Pods-BerryPlant_Tests.debug.xcconfig"; sourceTree = "<group>"; };
		DC14CAF9059F1D29C6247035 /* README.md */ = {isa = PBXFileReference; includeInIndex = 1; lastKnownFileType = net.daringfireball.markdown; name = README.md; path = ../README.md; sourceTree = "<group>"; };
		EC6342D6328A7CA09A74A0D3 /* Pods-BerryPlant_Example.debug.xcconfig */ = {isa = PBXFileReference; includeInIndex = 1; lastKnownFileType = text.xcconfig; name = "Pods-BerryPlant_Example.debug.xcconfig"; path = "Pods/Target Support Files/Pods-BerryPlant_Example/Pods-BerryPlant_Example.debug.xcconfig"; sourceTree = "<group>"; };
		F00A7E45849E840548D1F4E5 /* Pods-BerryPlant_Example.release.xcconfig */ = {isa = PBXFileReference; includeInIndex = 1; lastKnownFileType = text.xcconfig; name = "Pods-BerryPlant_Example.release.xcconfig"; path = "Pods/Target Support Files/Pods-BerryPlant_Example/Pods-BerryPlant_Example.release.xcconfig"; sourceTree = "<group>"; };
/* End PBXFileReference section */

/* Begin PBXFrameworksBuildPhase section */
		607FACCD1AFB9204008FA782 /* Frameworks */ = {
			isa = PBXFrameworksBuildPhase;
			buildActionMask = 2147483647;
			files = (
				640A044BB51CD40E17AF2161 /* libPods-BerryPlant_Example.a in Frameworks */,
			);
			runOnlyForDeploymentPostprocessing = 0;
		};
		607FACE21AFB9204008FA782 /* Frameworks */ = {
			isa = PBXFrameworksBuildPhase;
			buildActionMask = 2147483647;
			files = (
				3D92CF3A61977DF86C393721 /* libPods-BerryPlant_Tests.a in Frameworks */,
			);
			runOnlyForDeploymentPostprocessing = 0;
		};
/* End PBXFrameworksBuildPhase section */

/* Begin PBXGroup section */
		306EF2DB65425DAAB3A42371 /* Frameworks */ = {
			isa = PBXGroup;
			children = (
				676B26E809A79461033A0624 /* libPods-BerryPlant_Example.a */,
				D240CF43F896B5D77CC50729 /* libPods-BerryPlant_Tests.a */,
			);
			name = Frameworks;
			sourceTree = "<group>";
		};
		4DCBEC3BB9C309DB74B730B3 /* Pods */ = {
			isa = PBXGroup;
			children = (
				EC6342D6328A7CA09A74A0D3 /* Pods-BerryPlant_Example.debug.xcconfig */,
				F00A7E45849E840548D1F4E5 /* Pods-BerryPlant_Example.release.xcconfig */,
				D66138DF4875D8F54A25C32A /* Pods-BerryPlant_Tests.debug.xcconfig */,
				93018783ADC20FE609C6CE3E /* Pods-BerryPlant_Tests.release.xcconfig */,
			);
			name = Pods;
			sourceTree = "<group>";
		};
		607FACC71AFB9204008FA782 = {
			isa = PBXGroup;
			children = (
				607FACF51AFB993E008FA782 /* Podspec Metadata */,
				607FACD21AFB9204008FA782 /* Example for BerryPlant */,
				607FACE81AFB9204008FA782 /* Tests */,
				607FACD11AFB9204008FA782 /* Products */,
				4DCBEC3BB9C309DB74B730B3 /* Pods */,
				306EF2DB65425DAAB3A42371 /* Frameworks */,
			);
			sourceTree = "<group>";
		};
		607FACD11AFB9204008FA782 /* Products */ = {
			isa = PBXGroup;
			children = (
				607FACD01AFB9204008FA782 /* BerryPlant_Example.app */,
				607FACE51AFB9204008FA782 /* BerryPlant_Tests.xctest */,
			);
			name = Products;
			sourceTree = "<group>";
		};
		607FACD21AFB9204008FA782 /* Example for BerryPlant */ = {
			isa = PBXGroup;
			children = (
				C3ECB8912105BD5D0078A695 /* Resources */,
				607FACD51AFB9204008FA782 /* AppDelegate.swift */,
				607FACD71AFB9204008FA782 /* ViewController.swift */,
				C3ECB8A42105BD750078A695 /* TableViewController.swift */,
				607FACD91AFB9204008FA782 /* Main.storyboard */,
				607FACDC1AFB9204008FA782 /* Images.xcassets */,
				607FACDE1AFB9204008FA782 /* LaunchScreen.xib */,
				607FACD31AFB9204008FA782 /* Supporting Files */,
			);
			name = "Example for BerryPlant";
			path = BerryPlant;
			sourceTree = "<group>";
		};
		607FACD31AFB9204008FA782 /* Supporting Files */ = {
			isa = PBXGroup;
			children = (
				607FACD41AFB9204008FA782 /* Info.plist */,
			);
			name = "Supporting Files";
			sourceTree = "<group>";
		};
		607FACE81AFB9204008FA782 /* Tests */ = {
			isa = PBXGroup;
			children = (
				607FACEB1AFB9204008FA782 /* Tests.swift */,
				C37BAA99211BD31F00069B8F /* BerryImageFormatTests.swift */,
				C3FF5AAA211BDAAA005F02D5 /* CFDictionaryTests.swift */,
				C3FF5AAD211BDE3D005F02D5 /* DataTests.swift */,
				C3F80B3F211BE1F500D134B5 /* IntegerTests.swift */,
				C3F80B42211BE6EB00D134B5 /* StringTests.swift */,
				C3F80B45211BE82A00D134B5 /* DecoderTests.swift */,
				607FACE91AFB9204008FA782 /* Supporting Files */,
			);
			path = Tests;
			sourceTree = "<group>";
		};
		607FACE91AFB9204008FA782 /* Supporting Files */ = {
			isa = PBXGroup;
			children = (
				607FACEA1AFB9204008FA782 /* Info.plist */,
			);
			name = "Supporting Files";
			sourceTree = "<group>";
		};
		607FACF51AFB993E008FA782 /* Podspec Metadata */ = {
			isa = PBXGroup;
			children = (
				34300545A996D92810B31312 /* BerryPlant.podspec */,
				DC14CAF9059F1D29C6247035 /* README.md */,
				7E98C22ADC33F69AA8CACCF8 /* LICENSE */,
			);
			name = "Podspec Metadata";
			sourceTree = "<group>";
		};
		C3ECB8912105BD5D0078A695 /* Resources */ = {
			isa = PBXGroup;
			children = (
				C3ECB8922105BD650078A695 /* 1.jpg */,
				C3ECB8942105BD650078A695 /* apng.gif */,
				C3ECB8932105BD650078A695 /* basketball.gif */,
				C3ECB8952105BD660078A695 /* dance.apng */,
				C3ECB89A2105BD660078A695 /* dance.gif */,
				C3ECB8972105BD660078A695 /* j.png */,
				C3ECB8962105BD660078A695 /* j.webp */,
				C3ECB8992105BD660078A695 /* kk.gif */,
				C3ECB8982105BD660078A695 /* mm.apng */,
			);
			name = Resources;
			sourceTree = "<group>";
		};
/* End PBXGroup section */

/* Begin PBXNativeTarget section */
		607FACCF1AFB9204008FA782 /* BerryPlant_Example */ = {
			isa = PBXNativeTarget;
			buildConfigurationList = 607FACEF1AFB9204008FA782 /* Build configuration list for PBXNativeTarget "BerryPlant_Example" */;
			buildPhases = (
				61B7AB36611C54EAB115DB2B /* [CP] Check Pods Manifest.lock */,
				607FACCC1AFB9204008FA782 /* Sources */,
				607FACCD1AFB9204008FA782 /* Frameworks */,
				607FACCE1AFB9204008FA782 /* Resources */,
			);
			buildRules = (
			);
			dependencies = (
			);
			name = BerryPlant_Example;
			productName = BerryPlant;
			productReference = 607FACD01AFB9204008FA782 /* BerryPlant_Example.app */;
			productType = "com.apple.product-type.application";
		};
		607FACE41AFB9204008FA782 /* BerryPlant_Tests */ = {
			isa = PBXNativeTarget;
			buildConfigurationList = 607FACF21AFB9204008FA782 /* Build configuration list for PBXNativeTarget "BerryPlant_Tests" */;
			buildPhases = (
				555FABA55E05C9771B3854BC /* [CP] Check Pods Manifest.lock */,
				607FACE11AFB9204008FA782 /* Sources */,
				607FACE21AFB9204008FA782 /* Frameworks */,
				607FACE31AFB9204008FA782 /* Resources */,
			);
			buildRules = (
			);
			dependencies = (
				607FACE71AFB9204008FA782 /* PBXTargetDependency */,
			);
			name = BerryPlant_Tests;
			productName = Tests;
			productReference = 607FACE51AFB9204008FA782 /* BerryPlant_Tests.xctest */;
			productType = "com.apple.product-type.bundle.unit-test";
		};
/* End PBXNativeTarget section */

/* Begin PBXProject section */
		607FACC81AFB9204008FA782 /* Project object */ = {
			isa = PBXProject;
			attributes = {
				LastSwiftUpdateCheck = 0830;
				LastUpgradeCheck = 0830;
				ORGANIZATIONNAME = CocoaPods;
				TargetAttributes = {
					607FACCF1AFB9204008FA782 = {
						CreatedOnToolsVersion = 6.3.1;
						LastSwiftMigration = 0900;
						ProvisioningStyle = Manual;
					};
					607FACE41AFB9204008FA782 = {
						CreatedOnToolsVersion = 6.3.1;
						LastSwiftMigration = 0900;
						TestTargetID = 607FACCF1AFB9204008FA782;
					};
				};
			};
			buildConfigurationList = 607FACCB1AFB9204008FA782 /* Build configuration list for PBXProject "BerryPlant" */;
			compatibilityVersion = "Xcode 3.2";
			developmentRegion = English;
			hasScannedForEncodings = 0;
			knownRegions = (
				en,
				Base,
			);
			mainGroup = 607FACC71AFB9204008FA782;
			productRefGroup = 607FACD11AFB9204008FA782 /* Products */;
			projectDirPath = "";
			projectRoot = "";
			targets = (
				607FACCF1AFB9204008FA782 /* BerryPlant_Example */,
				607FACE41AFB9204008FA782 /* BerryPlant_Tests */,
			);
		};
/* End PBXProject section */

/* Begin PBXResourcesBuildPhase section */
		607FACCE1AFB9204008FA782 /* Resources */ = {
			isa = PBXResourcesBuildPhase;
			buildActionMask = 2147483647;
			files = (
				C3ECB8A02105BD660078A695 /* j.png in Resources */,
				607FACDB1AFB9204008FA782 /* Main.storyboard in Resources */,
				C3ECB89B2105BD660078A695 /* 1.jpg in Resources */,
				C3ECB8A12105BD660078A695 /* mm.apng in Resources */,
				C3ECB8A32105BD660078A695 /* dance.gif in Resources */,
				C3ECB89E2105BD660078A695 /* dance.apng in Resources */,
				607FACE01AFB9204008FA782 /* LaunchScreen.xib in Resources */,
				C3ECB89F2105BD660078A695 /* j.webp in Resources */,
				607FACDD1AFB9204008FA782 /* Images.xcassets in Resources */,
				C3ECB89D2105BD660078A695 /* apng.gif in Resources */,
				C3ECB89C2105BD660078A695 /* basketball.gif in Resources */,
				C3ECB8A22105BD660078A695 /* kk.gif in Resources */,
			);
			runOnlyForDeploymentPostprocessing = 0;
		};
		607FACE31AFB9204008FA782 /* Resources */ = {
			isa = PBXResourcesBuildPhase;
			buildActionMask = 2147483647;
			files = (
				C37BAAA4211BD36F00069B8F /* mm.apng in Resources */,
				C37BAAA3211BD36F00069B8F /* kk.gif in Resources */,
				C37BAAA1211BD36F00069B8F /* j.png in Resources */,
				C37BAA9E211BD36F00069B8F /* basketball.gif in Resources */,
				C37BAA9F211BD36F00069B8F /* dance.apng in Resources */,
				C37BAA9D211BD36F00069B8F /* apng.gif in Resources */,
				C37BAA9C211BD36F00069B8F /* 1.jpg in Resources */,
				C37BAAA0211BD36F00069B8F /* dance.gif in Resources */,
				C37BAAA2211BD36F00069B8F /* j.webp in Resources */,
			);
			runOnlyForDeploymentPostprocessing = 0;
		};
/* End PBXResourcesBuildPhase section */

/* Begin PBXShellScriptBuildPhase section */
		555FABA55E05C9771B3854BC /* [CP] Check Pods Manifest.lock */ = {
			isa = PBXShellScriptBuildPhase;
			buildActionMask = 2147483647;
			files = (
			);
			inputPaths = (
				"${PODS_PODFILE_DIR_PATH}/Podfile.lock",
				"${PODS_ROOT}/Manifest.lock",
			);
			name = "[CP] Check Pods Manifest.lock";
			outputPaths = (
				"$(DERIVED_FILE_DIR)/Pods-BerryPlant_Tests-checkManifestLockResult.txt",
			);
			runOnlyForDeploymentPostprocessing = 0;
			shellPath = /bin/sh;
			shellScript = "diff \"${PODS_PODFILE_DIR_PATH}/Podfile.lock\" \"${PODS_ROOT}/Manifest.lock\" > /dev/null\nif [ $? != 0 ] ; then\n    # print error to STDERR\n    echo \"error: The sandbox is not in sync with the Podfile.lock. Run 'pod install' or update your CocoaPods installation.\" >&2\n    exit 1\nfi\n# This output is used by Xcode 'outputs' to avoid re-running this script phase.\necho \"SUCCESS\" > \"${SCRIPT_OUTPUT_FILE_0}\"\n";
			showEnvVarsInLog = 0;
		};
		61B7AB36611C54EAB115DB2B /* [CP] Check Pods Manifest.lock */ = {
			isa = PBXShellScriptBuildPhase;
			buildActionMask = 2147483647;
			files = (
			);
			inputPaths = (
				"${PODS_PODFILE_DIR_PATH}/Podfile.lock",
				"${PODS_ROOT}/Manifest.lock",
			);
			name = "[CP] Check Pods Manifest.lock";
			outputPaths = (
				"$(DERIVED_FILE_DIR)/Pods-BerryPlant_Example-checkManifestLockResult.txt",
			);
			runOnlyForDeploymentPostprocessing = 0;
			shellPath = /bin/sh;
			shellScript = "diff \"${PODS_PODFILE_DIR_PATH}/Podfile.lock\" \"${PODS_ROOT}/Manifest.lock\" > /dev/null\nif [ $? != 0 ] ; then\n    # print error to STDERR\n    echo \"error: The sandbox is not in sync with the Podfile.lock. Run 'pod install' or update your CocoaPods installation.\" >&2\n    exit 1\nfi\n# This output is used by Xcode 'outputs' to avoid re-running this script phase.\necho \"SUCCESS\" > \"${SCRIPT_OUTPUT_FILE_0}\"\n";
			showEnvVarsInLog = 0;
		};
/* End PBXShellScriptBuildPhase section */

/* Begin PBXSourcesBuildPhase section */
		607FACCC1AFB9204008FA782 /* Sources */ = {
			isa = PBXSourcesBuildPhase;
			buildActionMask = 2147483647;
			files = (
				607FACD81AFB9204008FA782 /* ViewController.swift in Sources */,
				C3ECB8A52105BD750078A695 /* TableViewController.swift in Sources */,
				607FACD61AFB9204008FA782 /* AppDelegate.swift in Sources */,
			);
			runOnlyForDeploymentPostprocessing = 0;
		};
		607FACE11AFB9204008FA782 /* Sources */ = {
			isa = PBXSourcesBuildPhase;
			buildActionMask = 2147483647;
			files = (
				C3FF5AAC211BDAD0005F02D5 /* CFDictionaryTests.swift in Sources */,
				607FACEC1AFB9204008FA782 /* Tests.swift in Sources */,
				C37BAA9B211BD32300069B8F /* BerryImageFormatTests.swift in Sources */,
				C3F80B47211BE82E00D134B5 /* DecoderTests.swift in Sources */,
				C3FF5AAF211BDE6E005F02D5 /* DataTests.swift in Sources */,
				C3F80B44211BE6EF00D134B5 /* StringTests.swift in Sources */,
				C3F80B41211BE20200D134B5 /* IntegerTests.swift in Sources */,
			);
			runOnlyForDeploymentPostprocessing = 0;
		};
/* End PBXSourcesBuildPhase section */

/* Begin PBXTargetDependency section */
		607FACE71AFB9204008FA782 /* PBXTargetDependency */ = {
			isa = PBXTargetDependency;
			target = 607FACCF1AFB9204008FA782 /* BerryPlant_Example */;
			targetProxy = 607FACE61AFB9204008FA782 /* PBXContainerItemProxy */;
		};
/* End PBXTargetDependency section */

/* Begin PBXVariantGroup section */
		607FACD91AFB9204008FA782 /* Main.storyboard */ = {
			isa = PBXVariantGroup;
			children = (
				607FACDA1AFB9204008FA782 /* Base */,
			);
			name = Main.storyboard;
			sourceTree = "<group>";
		};
		607FACDE1AFB9204008FA782 /* LaunchScreen.xib */ = {
			isa = PBXVariantGroup;
			children = (
				607FACDF1AFB9204008FA782 /* Base */,
			);
			name = LaunchScreen.xib;
			sourceTree = "<group>";
		};
/* End PBXVariantGroup section */

/* Begin XCBuildConfiguration section */
		607FACED1AFB9204008FA782 /* Debug */ = {
			isa = XCBuildConfiguration;
			buildSettings = {
				ALWAYS_SEARCH_USER_PATHS = NO;
				CLANG_CXX_LANGUAGE_STANDARD = "gnu++0x";
				CLANG_CXX_LIBRARY = "libc++";
				CLANG_ENABLE_MODULES = YES;
				CLANG_ENABLE_OBJC_ARC = YES;
				CLANG_WARN_BLOCK_CAPTURE_AUTORELEASING = YES;
				CLANG_WARN_BOOL_CONVERSION = YES;
				CLANG_WARN_COMMA = YES;
				CLANG_WARN_CONSTANT_CONVERSION = YES;
				CLANG_WARN_DIRECT_OBJC_ISA_USAGE = YES_ERROR;
				CLANG_WARN_EMPTY_BODY = YES;
				CLANG_WARN_ENUM_CONVERSION = YES;
				CLANG_WARN_INFINITE_RECURSION = YES;
				CLANG_WARN_INT_CONVERSION = YES;
				CLANG_WARN_NON_LITERAL_NULL_CONVERSION = YES;
				CLANG_WARN_OBJC_LITERAL_CONVERSION = YES;
				CLANG_WARN_OBJC_ROOT_CLASS = YES_ERROR;
				CLANG_WARN_RANGE_LOOP_ANALYSIS = YES;
				CLANG_WARN_STRICT_PROTOTYPES = YES;
				CLANG_WARN_SUSPICIOUS_MOVE = YES;
				CLANG_WARN_UNREACHABLE_CODE = YES;
				CLANG_WARN__DUPLICATE_METHOD_MATCH = YES;
				"CODE_SIGN_IDENTITY[sdk=iphoneos*]" = "iPhone Developer";
				COPY_PHASE_STRIP = NO;
				DEBUG_INFORMATION_FORMAT = "dwarf-with-dsym";
				ENABLE_STRICT_OBJC_MSGSEND = YES;
				ENABLE_TESTABILITY = YES;
				GCC_C_LANGUAGE_STANDARD = gnu99;
				GCC_DYNAMIC_NO_PIC = NO;
				GCC_NO_COMMON_BLOCKS = YES;
				GCC_OPTIMIZATION_LEVEL = 0;
				GCC_PREPROCESSOR_DEFINITIONS = (
					"DEBUG=1",
					"$(inherited)",
				);
				GCC_SYMBOLS_PRIVATE_EXTERN = NO;
				GCC_WARN_64_TO_32_BIT_CONVERSION = YES;
				GCC_WARN_ABOUT_RETURN_TYPE = YES_ERROR;
				GCC_WARN_UNDECLARED_SELECTOR = YES;
				GCC_WARN_UNINITIALIZED_AUTOS = YES_AGGRESSIVE;
				GCC_WARN_UNUSED_FUNCTION = YES;
				GCC_WARN_UNUSED_VARIABLE = YES;
				IPHONEOS_DEPLOYMENT_TARGET = 9.3;
				MTL_ENABLE_DEBUG_INFO = YES;
				ONLY_ACTIVE_ARCH = YES;
				SDKROOT = iphoneos;
				SWIFT_OPTIMIZATION_LEVEL = "-Onone";
			};
			name = Debug;
		};
		607FACEE1AFB9204008FA782 /* Release */ = {
			isa = XCBuildConfiguration;
			buildSettings = {
				ALWAYS_SEARCH_USER_PATHS = NO;
				CLANG_CXX_LANGUAGE_STANDARD = "gnu++0x";
				CLANG_CXX_LIBRARY = "libc++";
				CLANG_ENABLE_MODULES = YES;
				CLANG_ENABLE_OBJC_ARC = YES;
				CLANG_WARN_BLOCK_CAPTURE_AUTORELEASING = YES;
				CLANG_WARN_BOOL_CONVERSION = YES;
				CLANG_WARN_COMMA = YES;
				CLANG_WARN_CONSTANT_CONVERSION = YES;
				CLANG_WARN_DIRECT_OBJC_ISA_USAGE = YES_ERROR;
				CLANG_WARN_EMPTY_BODY = YES;
				CLANG_WARN_ENUM_CONVERSION = YES;
				CLANG_WARN_INFINITE_RECURSION = YES;
				CLANG_WARN_INT_CONVERSION = YES;
				CLANG_WARN_NON_LITERAL_NULL_CONVERSION = YES;
				CLANG_WARN_OBJC_LITERAL_CONVERSION = YES;
				CLANG_WARN_OBJC_ROOT_CLASS = YES_ERROR;
				CLANG_WARN_RANGE_LOOP_ANALYSIS = YES;
				CLANG_WARN_STRICT_PROTOTYPES = YES;
				CLANG_WARN_SUSPICIOUS_MOVE = YES;
				CLANG_WARN_UNREACHABLE_CODE = YES;
				CLANG_WARN__DUPLICATE_METHOD_MATCH = YES;
				"CODE_SIGN_IDENTITY[sdk=iphoneos*]" = "iPhone Developer";
				COPY_PHASE_STRIP = NO;
				DEBUG_INFORMATION_FORMAT = "dwarf-with-dsym";
				ENABLE_NS_ASSERTIONS = NO;
				ENABLE_STRICT_OBJC_MSGSEND = YES;
				GCC_C_LANGUAGE_STANDARD = gnu99;
				GCC_NO_COMMON_BLOCKS = YES;
				GCC_WARN_64_TO_32_BIT_CONVERSION = YES;
				GCC_WARN_ABOUT_RETURN_TYPE = YES_ERROR;
				GCC_WARN_UNDECLARED_SELECTOR = YES;
				GCC_WARN_UNINITIALIZED_AUTOS = YES_AGGRESSIVE;
				GCC_WARN_UNUSED_FUNCTION = YES;
				GCC_WARN_UNUSED_VARIABLE = YES;
				IPHONEOS_DEPLOYMENT_TARGET = 9.3;
				MTL_ENABLE_DEBUG_INFO = NO;
				SDKROOT = iphoneos;
				SWIFT_OPTIMIZATION_LEVEL = "-Owholemodule";
				VALIDATE_PRODUCT = YES;
			};
			name = Release;
		};
		607FACF01AFB9204008FA782 /* Debug */ = {
			isa = XCBuildConfiguration;
			baseConfigurationReference = EC6342D6328A7CA09A74A0D3 /* Pods-BerryPlant_Example.debug.xcconfig */;
			buildSettings = {
				ASSETCATALOG_COMPILER_APPICON_NAME = AppIcon;
				CODE_SIGN_STYLE = Manual;
				DEVELOPMENT_TEAM = "";
				INFOPLIST_FILE = BerryPlant/Info.plist;
				IPHONEOS_DEPLOYMENT_TARGET = 9.0;
				LD_RUNPATH_SEARCH_PATHS = "$(inherited) @executable_path/Frameworks";
				MODULE_NAME = ExampleApp;
				PRODUCT_BUNDLE_IDENTIFIER = "org.cocoapods.demo.$(PRODUCT_NAME:rfc1034identifier)";
				PRODUCT_NAME = "$(TARGET_NAME)";
				PROVISIONING_PROFILE_SPECIFIER = "";
				SWIFT_SWIFT3_OBJC_INFERENCE = Default;
				SWIFT_VERSION = 4.0;
			};
			name = Debug;
		};
		607FACF11AFB9204008FA782 /* Release */ = {
			isa = XCBuildConfiguration;
			baseConfigurationReference = F00A7E45849E840548D1F4E5 /* Pods-BerryPlant_Example.release.xcconfig */;
			buildSettings = {
				ASSETCATALOG_COMPILER_APPICON_NAME = AppIcon;
				CODE_SIGN_STYLE = Manual;
				DEVELOPMENT_TEAM = "";
				INFOPLIST_FILE = BerryPlant/Info.plist;
				IPHONEOS_DEPLOYMENT_TARGET = 9.0;
				LD_RUNPATH_SEARCH_PATHS = "$(inherited) @executable_path/Frameworks";
				MODULE_NAME = ExampleApp;
				PRODUCT_BUNDLE_IDENTIFIER = "org.cocoapods.demo.$(PRODUCT_NAME:rfc1034identifier)";
				PRODUCT_NAME = "$(TARGET_NAME)";
				PROVISIONING_PROFILE_SPECIFIER = "";
				SWIFT_SWIFT3_OBJC_INFERENCE = Default;
				SWIFT_VERSION = 4.0;
			};
			name = Release;
		};
		607FACF31AFB9204008FA782 /* Debug */ = {
			isa = XCBuildConfiguration;
			baseConfigurationReference = D66138DF4875D8F54A25C32A /* Pods-BerryPlant_Tests.debug.xcconfig */;
			buildSettings = {
				FRAMEWORK_SEARCH_PATHS = (
					"$(SDKROOT)/Developer/Library/Frameworks",
					"$(inherited)",
				);
				GCC_PREPROCESSOR_DEFINITIONS = (
					"DEBUG=1",
					"$(inherited)",
				);
				INFOPLIST_FILE = Tests/Info.plist;
				LD_RUNPATH_SEARCH_PATHS = "$(inherited) @executable_path/Frameworks @loader_path/Frameworks";
				PRODUCT_BUNDLE_IDENTIFIER = "org.cocoapods.$(PRODUCT_NAME:rfc1034identifier)";
				PRODUCT_NAME = "$(TARGET_NAME)";
				SWIFT_SWIFT3_OBJC_INFERENCE = Default;
				SWIFT_VERSION = 4.0;
				TEST_HOST = "$(BUILT_PRODUCTS_DIR)/BerryPlant_Example.app/BerryPlant_Example";
			};
			name = Debug;
		};
		607FACF41AFB9204008FA782 /* Release */ = {
			isa = XCBuildConfiguration;
			baseConfigurationReference = 93018783ADC20FE609C6CE3E /* Pods-BerryPlant_Tests.release.xcconfig */;
			buildSettings = {
				FRAMEWORK_SEARCH_PATHS = (
					"$(SDKROOT)/Developer/Library/Frameworks",
					"$(inherited)",
				);
				INFOPLIST_FILE = Tests/Info.plist;
				LD_RUNPATH_SEARCH_PATHS = "$(inherited) @executable_path/Frameworks @loader_path/Frameworks";
				PRODUCT_BUNDLE_IDENTIFIER = "org.cocoapods.$(PRODUCT_NAME:rfc1034identifier)";
				PRODUCT_NAME = "$(TARGET_NAME)";
				SWIFT_SWIFT3_OBJC_INFERENCE = Default;
				SWIFT_VERSION = 4.0;
				TEST_HOST = "$(BUILT_PRODUCTS_DIR)/BerryPlant_Example.app/BerryPlant_Example";
			};
			name = Release;
		};
/* End XCBuildConfiguration section */

/* Begin XCConfigurationList section */
		607FACCB1AFB9204008FA782 /* Build configuration list for PBXProject "BerryPlant" */ = {
			isa = XCConfigurationList;
			buildConfigurations = (
				607FACED1AFB9204008FA782 /* Debug */,
				607FACEE1AFB9204008FA782 /* Release */,
			);
			defaultConfigurationIsVisible = 0;
			defaultConfigurationName = Release;
		};
		607FACEF1AFB9204008FA782 /* Build configuration list for PBXNativeTarget "BerryPlant_Example" */ = {
			isa = XCConfigurationList;
			buildConfigurations = (
				607FACF01AFB9204008FA782 /* Debug */,
				607FACF11AFB9204008FA782 /* Release */,
			);
			defaultConfigurationIsVisible = 0;
			defaultConfigurationName = Release;
		};
		607FACF21AFB9204008FA782 /* Build configuration list for PBXNativeTarget "BerryPlant_Tests" */ = {
			isa = XCConfigurationList;
			buildConfigurations = (
				607FACF31AFB9204008FA782 /* Debug */,
				607FACF41AFB9204008FA782 /* Release */,
			);
			defaultConfigurationIsVisible = 0;
			defaultConfigurationName = Release;
		};
/* End XCConfigurationList section */
	};
	rootObject = 607FACC81AFB9204008FA782 /* Project object */;
}
